
Microsoft Visual Studio Solution File, Format Version 12.00
# Visual Studio Version 16
VisualStudioVersion = 16.0.30413.136
MinimumVisualStudioVersion = 10.0.40219.1
Project("{FAE04EC0-301F-11D3-BF4B-00C04F79EFBC}") = "FinalProjectDemoApp", "FinalProjectDemoApp\FinalProjectDemoApp.csproj", "{3DB92C3C-1188-4C4B-AFD2-C5CA5E0CF818}"
EndProject
Global
	GlobalSection(SolutionConfigurationPlatforms) = preSolution
		Debug|Any CPU = Debug|Any CPU
		Release|Any CPU = Release|Any CPU
	EndGlobalSection
	GlobalSection(ProjectConfigurationPlatforms) = postSolution
		{3DB92C3C-1188-4C4B-AFD2-C5CA5E0CF818}.Debug|Any CPU.ActiveCfg = Debug|Any CPU
		{3DB92C3C-1188-4C4B-AFD2-C5CA5E0CF818}.Debug|Any CPU.Build.0 = Debug|Any CPU
		{3DB92C3C-1188-4C4B-AFD2-C5CA5E0CF818}.Release|Any CPU.ActiveCfg = Release|Any CPU
		{3DB92C3C-1188-4C4B-AFD2-C5CA5E0CF818}.Release|Any CPU.Build.0 = Release|Any CPU
	EndGlobalSection
	GlobalSection(SolutionProperties) = preSolution
		HideSolutionNode = FALSE
	EndGlobalSection
	GlobalSection(ExtensibilityGlobals) = postSolution
		SolutionGuid = {3B89BFD1-DD2D-4490-949B-055EA48C1AD8}
	EndGlobalSection
EndGlobal
